
Microsoft Visual Studio Solution File, Format Version 12.00
# Visual Studio Version 16
VisualStudioVersion = 16.0.30907.101
MinimumVisualStudioVersion = 10.0.40219.1
Project("{FAE04EC0-301F-11D3-BF4B-00C04F79EFBC}") = "ConsoleApp1", "ConsoleApp1\ConsoleApp1.csproj", "{C3D348B8-059A-486E-886B-79AC12C6A92B}"
EndProject
Global
	GlobalSection(SolutionConfigurationPlatforms) = preSolution
		Debug|Any CPU = Debug|Any CPU
		Release|Any CPU = Release|Any CPU
	EndGlobalSection
	GlobalSection(ProjectConfigurationPlatforms) = postSolution
		{C3D348B8-059A-486E-886B-79AC12C6A92B}.Debug|Any CPU.ActiveCfg = Debug|Any CPU
		{C3D348B8-059A-486E-886B-79AC12C6A92B}.Debug|Any CPU.Build.0 = Debug|Any CPU
		{C3D348B8-059A-486E-886B-79AC12C6A92B}.Release|Any CPU.ActiveCfg = Release|Any CPU
		{C3D348B8-059A-486E-886B-79AC12C6A92B}.Release|Any CPU.Build.0 = Release|Any CPU
	EndGlobalSection
	GlobalSection(SolutionProperties) = preSolution
		HideSolutionNode = FALSE
	EndGlobalSection
	GlobalSection(ExtensibilityGlobals) = postSolution
		SolutionGuid = {AFE1A250-D7C5-4CCC-9EDD-5FDF65B7BF8A}
	EndGlobalSection
EndGlobal
